
Microsoft Visual Studio Solution File, Format Version 12.00
Project("{FAE04EC0-301F-11D3-BF4B-00C04F79EFBC}") = "LeNombreMagique", "LeNombreMagique\LeNombreMagique.csproj", "{C3846CF0-733E-4B1E-B950-E47BF97235F9}"
EndProject
Global
	GlobalSection(SolutionConfigurationPlatforms) = preSolution
		Debug|Any CPU = Debug|Any CPU
		Release|Any CPU = Release|Any CPU
	EndGlobalSection
	GlobalSection(ProjectConfigurationPlatforms) = postSolution
		{C3846CF0-733E-4B1E-B950-E47BF97235F9}.Debug|Any CPU.ActiveCfg = Debug|Any CPU
		{C3846CF0-733E-4B1E-B950-E47BF97235F9}.Debug|Any CPU.Build.0 = Debug|Any CPU
		{C3846CF0-733E-4B1E-B950-E47BF97235F9}.Release|Any CPU.ActiveCfg = Release|Any CPU
		{C3846CF0-733E-4B1E-B950-E47BF97235F9}.Release|Any CPU.Build.0 = Release|Any CPU
	EndGlobalSection
EndGlobal
